
Microsoft Visual Studio Solution File, Format Version 12.00
# Visual Studio Version 17
VisualStudioVersion = 17.11.35327.3
MinimumVisualStudioVersion = 10.0.40219.1
Project("{FAE04EC0-301F-11D3-BF4B-00C04F79EFBC}") = "HALDotNetTrainingBatch5.ConsoleApp", "HALDotNetTrainingBatch5.ConsoleApp\HALDotNetTrainingBatch5.ConsoleApp.csproj", "{97E62DEB-2DAE-4ED0-AF33-98D6E807F33F}"
EndProject
Global
	GlobalSection(SolutionConfigurationPlatforms) = preSolution
		Debug|Any CPU = Debug|Any CPU
		Release|Any CPU = Release|Any CPU
	EndGlobalSection
	GlobalSection(ProjectConfigurationPlatforms) = postSolution
		{97E62DEB-2DAE-4ED0-AF33-98D6E807F33F}.Debug|Any CPU.ActiveCfg = Debug|Any CPU
		{97E62DEB-2DAE-4ED0-AF33-98D6E807F33F}.Debug|Any CPU.Build.0 = Debug|Any CPU
		{97E62DEB-2DAE-4ED0-AF33-98D6E807F33F}.Release|Any CPU.ActiveCfg = Release|Any CPU
		{97E62DEB-2DAE-4ED0-AF33-98D6E807F33F}.Release|Any CPU.Build.0 = Release|Any CPU
	EndGlobalSection
	GlobalSection(SolutionProperties) = preSolution
		HideSolutionNode = FALSE
	EndGlobalSection
	GlobalSection(ExtensibilityGlobals) = postSolution
		SolutionGuid = {21EE068B-65B4-46AE-B2A3-65BA4F2863FE}
	EndGlobalSection
EndGlobal
